
Microsoft Visual Studio Solution File, Format Version 12.00
# Visual Studio 15
VisualStudioVersion = 15.0.28307.421
MinimumVisualStudioVersion = 10.0.40219.1
Project("{FAE04EC0-301F-11D3-BF4B-00C04F79EFBC}") = "WebApplication4", "WebApplication4\WebApplication4.csproj", "{AC018AD6-BBFE-4F06-9003-5AC755E16DA4}"
EndProject
Global
	GlobalSection(SolutionConfigurationPlatforms) = preSolution
		Debug|Any CPU = Debug|Any CPU
		Release|Any CPU = Release|Any CPU
	EndGlobalSection
	GlobalSection(ProjectConfigurationPlatforms) = postSolution
		{AC018AD6-BBFE-4F06-9003-5AC755E16DA4}.Debug|Any CPU.ActiveCfg = Debug|Any CPU
		{AC018AD6-BBFE-4F06-9003-5AC755E16DA4}.Debug|Any CPU.Build.0 = Debug|Any CPU
		{AC018AD6-BBFE-4F06-9003-5AC755E16DA4}.Release|Any CPU.ActiveCfg = Release|Any CPU
		{AC018AD6-BBFE-4F06-9003-5AC755E16DA4}.Release|Any CPU.Build.0 = Release|Any CPU
	EndGlobalSection
	GlobalSection(SolutionProperties) = preSolution
		HideSolutionNode = FALSE
	EndGlobalSection
	GlobalSection(ExtensibilityGlobals) = postSolution
		SolutionGuid = {AA34AB78-129C-419F-A670-14EB1DD910A1}
	EndGlobalSection
EndGlobal
